
Microsoft Visual Studio Solution File, Format Version 12.00
Project("{FAE04EC0-301F-11D3-BF4B-00C04F79EFBC}") = "Docker.API", "Docker.API\Docker.API.csproj", "{FC990052-907F-474B-919F-7E9214816CD1}"
EndProject
Project("{2150E333-8FDC-42A3-9474-1A3956D46DE8}") = "Solution Items", "Solution Items", "{AFE9BC97-5C04-445D-B2D7-DF6BC552ECDB}"
	ProjectSection(SolutionItems) = preProject
		docker-compose.yml = docker-compose.yml
	EndProjectSection
EndProject
Global
	GlobalSection(SolutionConfigurationPlatforms) = preSolution
		Debug|Any CPU = Debug|Any CPU
		Release|Any CPU = Release|Any CPU
	EndGlobalSection
	GlobalSection(ProjectConfigurationPlatforms) = postSolution
		{FC990052-907F-474B-919F-7E9214816CD1}.Debug|Any CPU.ActiveCfg = Debug|Any CPU
		{FC990052-907F-474B-919F-7E9214816CD1}.Debug|Any CPU.Build.0 = Debug|Any CPU
		{FC990052-907F-474B-919F-7E9214816CD1}.Release|Any CPU.ActiveCfg = Release|Any CPU
		{FC990052-907F-474B-919F-7E9214816CD1}.Release|Any CPU.Build.0 = Release|Any CPU
	EndGlobalSection
EndGlobal
